
Microsoft Visual Studio Solution File, Format Version 12.00
# Visual Studio 15
VisualStudioVersion = 15.0.26730.12
MinimumVisualStudioVersion = 10.0.40219.1
Project("{FAE04EC0-301F-11D3-BF4B-00C04F79EFBC}") = "Stupid-Authenticating-Web-App", "Stupid-Authenticating-Web-App\Stupid-Authenticating-Web-App.csproj", "{60D6E3AD-CB46-4216-AA68-BA49C5F99F3E}"
EndProject
Global
	GlobalSection(SolutionConfigurationPlatforms) = preSolution
		Debug|Any CPU = Debug|Any CPU
		Release|Any CPU = Release|Any CPU
	EndGlobalSection
	GlobalSection(ProjectConfigurationPlatforms) = postSolution
		{60D6E3AD-CB46-4216-AA68-BA49C5F99F3E}.Debug|Any CPU.ActiveCfg = Debug|Any CPU
		{60D6E3AD-CB46-4216-AA68-BA49C5F99F3E}.Debug|Any CPU.Build.0 = Debug|Any CPU
		{60D6E3AD-CB46-4216-AA68-BA49C5F99F3E}.Release|Any CPU.ActiveCfg = Release|Any CPU
		{60D6E3AD-CB46-4216-AA68-BA49C5F99F3E}.Release|Any CPU.Build.0 = Release|Any CPU
	EndGlobalSection
	GlobalSection(SolutionProperties) = preSolution
		HideSolutionNode = FALSE
	EndGlobalSection
	GlobalSection(ExtensibilityGlobals) = postSolution
		SolutionGuid = {7B815ACA-9DD4-4C41-B57B-3B252F5512C9}
	EndGlobalSection
EndGlobal
